
Microsoft Visual Studio Solution File, Format Version 12.00
# Visual Studio Version 17
VisualStudioVersion = 17.7.34302.85
MinimumVisualStudioVersion = 10.0.40219.1
Project("{151D2E53-A2C4-4D7D-83FE-D05416EBD58E}") = "kedasampleinfra", "kedasampleinfra\kedasampleinfra.deployproj", "{0AAFE497-0FD6-4059-A265-377779C7788A}"
EndProject
Global
	GlobalSection(SolutionConfigurationPlatforms) = preSolution
		Debug|Any CPU = Debug|Any CPU
		Release|Any CPU = Release|Any CPU
	EndGlobalSection
	GlobalSection(ProjectConfigurationPlatforms) = postSolution
		{0AAFE497-0FD6-4059-A265-377779C7788A}.Debug|Any CPU.ActiveCfg = Debug|Any CPU
		{0AAFE497-0FD6-4059-A265-377779C7788A}.Debug|Any CPU.Build.0 = Debug|Any CPU
		{0AAFE497-0FD6-4059-A265-377779C7788A}.Release|Any CPU.ActiveCfg = Release|Any CPU
		{0AAFE497-0FD6-4059-A265-377779C7788A}.Release|Any CPU.Build.0 = Release|Any CPU
	EndGlobalSection
	GlobalSection(SolutionProperties) = preSolution
		HideSolutionNode = FALSE
	EndGlobalSection
	GlobalSection(ExtensibilityGlobals) = postSolution
		SolutionGuid = {8B57BFD3-7A9E-441A-8917-58D5649C1EF2}
	EndGlobalSection
EndGlobal
